// !$*UTF8*$!
{
	archiveVersion = 1;
	classes = {
	};
	objectVersion = 51;
	objects = {

/* Begin PBXBuildFile section */
		3D759A2FB219CD9A5FEB105B /* Pods_Dinghy.framework in Frameworks */ = {isa = PBXBuildFile; fileRef = 4E2CADCC092DFF4A85767555 /* Pods_Dinghy.framework */; };
		D7352F7625DF78EF00587A80 /* AppDelegate.swift in Sources */ = {isa = PBXBuildFile; fileRef = D7352F7525DF78EF00587A80 /* AppDelegate.swift */; };
		D7352F7825DF78EF00587A80 /* SceneDelegate.swift in Sources */ = {isa = PBXBuildFile; fileRef = D7352F7725DF78EF00587A80 /* SceneDelegate.swift */; };
		D7352F7A25DF78EF00587A80 /* BrowseViewController.swift in Sources */ = {isa = PBXBuildFile; fileRef = D7352F7925DF78EF00587A80 /* BrowseViewController.swift */; };
		D7352F7D25DF78EF00587A80 /* Main.storyboard in Resources */ = {isa = PBXBuildFile; fileRef = D7352F7B25DF78EF00587A80 /* Main.storyboard */; };
		D7352F7F25DF78F000587A80 /* Assets.xcassets in Resources */ = {isa = PBXBuildFile; fileRef = D7352F7E25DF78F000587A80 /* Assets.xcassets */; };
		D7352F8225DF78F000587A80 /* LaunchScreen.storyboard in Resources */ = {isa = PBXBuildFile; fileRef = D7352F8025DF78F000587A80 /* LaunchScreen.storyboard */; };
		D73C0A9B25E1F62100EFCBBF /* Asset.swift in Sources */ = {isa = PBXBuildFile; fileRef = D73C0A9A25E1F62100EFCBBF /* Asset.swift */; };
		D73C0A9E25E1F7FC00EFCBBF /* AssetManager.swift in Sources */ = {isa = PBXBuildFile; fileRef = D73C0A9D25E1F7FC00EFCBBF /* AssetManager.swift */; };
		D73C0AA125E1F99700EFCBBF /* AssetContract.swift in Sources */ = {isa = PBXBuildFile; fileRef = D73C0AA025E1F99700EFCBBF /* AssetContract.swift */; };
		D73C0AA425E1F9A200EFCBBF /* Collection.swift in Sources */ = {isa = PBXBuildFile; fileRef = D73C0AA325E1F9A200EFCBBF /* Collection.swift */; };
		D73C0AA725E1F9AE00EFCBBF /* Owner.swift in Sources */ = {isa = PBXBuildFile; fileRef = D73C0AA625E1F9AE00EFCBBF /* Owner.swift */; };
		D73C0AAA25E1F9BD00EFCBBF /* SellOrder.swift in Sources */ = {isa = PBXBuildFile; fileRef = D73C0AA925E1F9BD00EFCBBF /* SellOrder.swift */; };
		D73C0AAD25E1F9D000EFCBBF /* Creator.swift in Sources */ = {isa = PBXBuildFile; fileRef = D73C0AAC25E1F9D000EFCBBF /* Creator.swift */; };
		D73C0AB025E1F9E000EFCBBF /* Trait.swift in Sources */ = {isa = PBXBuildFile; fileRef = D73C0AAF25E1F9E000EFCBBF /* Trait.swift */; };
		D73C0ABA25E1FA7B00EFCBBF /* AssetResults.swift in Sources */ = {isa = PBXBuildFile; fileRef = D73C0AB925E1FA7B00EFCBBF /* AssetResults.swift */; };
		D73C0ABD25E1FD8200EFCBBF /* User.swift in Sources */ = {isa = PBXBuildFile; fileRef = D73C0ABC25E1FD8200EFCBBF /* User.swift */; };
		D73C0AC125E1FEC600EFCBBF /* DisplayData.swift in Sources */ = {isa = PBXBuildFile; fileRef = D73C0AC025E1FEC600EFCBBF /* DisplayData.swift */; };
		D73C0AC425E2035C00EFCBBF /* LastSale.swift in Sources */ = {isa = PBXBuildFile; fileRef = D73C0AC325E2035C00EFCBBF /* LastSale.swift */; };
		D73C0AC725E2039000EFCBBF /* LastSaleAsset.swift in Sources */ = {isa = PBXBuildFile; fileRef = D73C0AC625E2039000EFCBBF /* LastSaleAsset.swift */; };
		D73C0ACA25E2040500EFCBBF /* PaymentToken.swift in Sources */ = {isa = PBXBuildFile; fileRef = D73C0AC925E2040500EFCBBF /* PaymentToken.swift */; };
		D73C0ACD25E2046C00EFCBBF /* Transaction.swift in Sources */ = {isa = PBXBuildFile; fileRef = D73C0ACC25E2046C00EFCBBF /* Transaction.swift */; };
		D73C0AD725E310FA00EFCBBF /* CollectionsViewController.swift in Sources */ = {isa = PBXBuildFile; fileRef = D73C0AD625E310FA00EFCBBF /* CollectionsViewController.swift */; };
		D73C0ADA25E3110600EFCBBF /* FavoritesViewController.swift in Sources */ = {isa = PBXBuildFile; fileRef = D73C0AD925E3110600EFCBBF /* FavoritesViewController.swift */; };
		D73C0ADE25E3117900EFCBBF /* CollectionManager.swift in Sources */ = {isa = PBXBuildFile; fileRef = D73C0ADD25E3117900EFCBBF /* CollectionManager.swift */; };
		D73C0AE125E311F700EFCBBF /* CollectionResults.swift in Sources */ = {isa = PBXBuildFile; fileRef = D73C0AE025E311F700EFCBBF /* CollectionResults.swift */; };
		D73C0AE625E32BAF00EFCBBF /* Extensions.swift in Sources */ = {isa = PBXBuildFile; fileRef = D73C0AE525E32BAF00EFCBBF /* Extensions.swift */; };
		D765055325DF82FD008E3300 /* AssetCollectionViewCell.swift in Sources */ = {isa = PBXBuildFile; fileRef = D765055225DF82FD008E3300 /* AssetCollectionViewCell.swift */; };
/* End PBXBuildFile section */

/* Begin PBXFileReference section */
		0BB57AB76CE0E9C862AF2E77 /* Pods-Dinghy.release.xcconfig */ = {isa = PBXFileReference; includeInIndex = 1; lastKnownFileType = text.xcconfig; name = "Pods-Dinghy.release.xcconfig"; path = "Target Support Files/Pods-Dinghy/Pods-Dinghy.release.xcconfig"; sourceTree = "<group>"; };
		4E2CADCC092DFF4A85767555 /* Pods_Dinghy.framework */ = {isa = PBXFileReference; explicitFileType = wrapper.framework; includeInIndex = 0; path = Pods_Dinghy.framework; sourceTree = BUILT_PRODUCTS_DIR; };
		51D29DF1F70B609082F5FB6F /* Pods-Dinghy.debug.xcconfig */ = {isa = PBXFileReference; includeInIndex = 1; lastKnownFileType = text.xcconfig; name = "Pods-Dinghy.debug.xcconfig"; path = "Target Support Files/Pods-Dinghy/Pods-Dinghy.debug.xcconfig"; sourceTree = "<group>"; };
		D7352F7225DF78EF00587A80 /* Dinghy.app */ = {isa = PBXFileReference; explicitFileType = wrapper.application; includeInIndex = 0; path = Dinghy.app; sourceTree = BUILT_PRODUCTS_DIR; };
		D7352F7525DF78EF00587A80 /* AppDelegate.swift */ = {isa = PBXFileReference; lastKnownFileType = sourcecode.swift; path = AppDelegate.swift; sourceTree = "<group>"; };
		D7352F7725DF78EF00587A80 /* SceneDelegate.swift */ = {isa = PBXFileReference; lastKnownFileType = sourcecode.swift; path = SceneDelegate.swift; sourceTree = "<group>"; };
		D7352F7925DF78EF00587A80 /* BrowseViewController.swift */ = {isa = PBXFileReference; lastKnownFileType = sourcecode.swift; path = BrowseViewController.swift; sourceTree = "<group>"; };
		D7352F7C25DF78EF00587A80 /* Base */ = {isa = PBXFileReference; lastKnownFileType = file.storyboard; name = Base; path = Base.lproj/Main.storyboard; sourceTree = "<group>"; };
		D7352F7E25DF78F000587A80 /* Assets.xcassets */ = {isa = PBXFileReference; lastKnownFileType = folder.assetcatalog; path = Assets.xcassets; sourceTree = "<group>"; };
		D7352F8125DF78F000587A80 /* Base */ = {isa = PBXFileReference; lastKnownFileType = file.storyboard; name = Base; path = Base.lproj/LaunchScreen.storyboard; sourceTree = "<group>"; };
		D7352F8325DF78F000587A80 /* Info.plist */ = {isa = PBXFileReference; lastKnownFileType = text.plist.xml; path = Info.plist; sourceTree = "<group>"; };
		D73C0A9A25E1F62100EFCBBF /* Asset.swift */ = {isa = PBXFileReference; lastKnownFileType = sourcecode.swift; path = Asset.swift; sourceTree = "<group>"; };
		D73C0A9D25E1F7FC00EFCBBF /* AssetManager.swift */ = {isa = PBXFileReference; lastKnownFileType = sourcecode.swift; path = AssetManager.swift; sourceTree = "<group>"; };
		D73C0AA025E1F99700EFCBBF /* AssetContract.swift */ = {isa = PBXFileReference; lastKnownFileType = sourcecode.swift; path = AssetContract.swift; sourceTree = "<group>"; };
		D73C0AA325E1F9A200EFCBBF /* Collection.swift */ = {isa = PBXFileReference; lastKnownFileType = sourcecode.swift; path = Collection.swift; sourceTree = "<group>"; };
		D73C0AA625E1F9AE00EFCBBF /* Owner.swift */ = {isa = PBXFileReference; lastKnownFileType = sourcecode.swift; path = Owner.swift; sourceTree = "<group>"; };
		D73C0AA925E1F9BD00EFCBBF /* SellOrder.swift */ = {isa = PBXFileReference; lastKnownFileType = sourcecode.swift; path = SellOrder.swift; sourceTree = "<group>"; };
		D73C0AAC25E1F9D000EFCBBF /* Creator.swift */ = {isa = PBXFileReference; lastKnownFileType = sourcecode.swift; path = Creator.swift; sourceTree = "<group>"; };
		D73C0AAF25E1F9E000EFCBBF /* Trait.swift */ = {isa = PBXFileReference; lastKnownFileType = sourcecode.swift; path = Trait.swift; sourceTree = "<group>"; };
		D73C0AB925E1FA7B00EFCBBF /* AssetResults.swift */ = {isa = PBXFileReference; lastKnownFileType = sourcecode.swift; path = AssetResults.swift; sourceTree = "<group>"; };
		D73C0ABC25E1FD8200EFCBBF /* User.swift */ = {isa = PBXFileReference; lastKnownFileType = sourcecode.swift; path = User.swift; sourceTree = "<group>"; };
		D73C0AC025E1FEC600EFCBBF /* DisplayData.swift */ = {isa = PBXFileReference; lastKnownFileType = sourcecode.swift; path = DisplayData.swift; sourceTree = "<group>"; };
		D73C0AC325E2035C00EFCBBF /* LastSale.swift */ = {isa = PBXFileReference; lastKnownFileType = sourcecode.swift; path = LastSale.swift; sourceTree = "<group>"; };
		D73C0AC625E2039000EFCBBF /* LastSaleAsset.swift */ = {isa = PBXFileReference; lastKnownFileType = sourcecode.swift; path = LastSaleAsset.swift; sourceTree = "<group>"; };
		D73C0AC925E2040500EFCBBF /* PaymentToken.swift */ = {isa = PBXFileReference; lastKnownFileType = sourcecode.swift; path = PaymentToken.swift; sourceTree = "<group>"; };
		D73C0ACC25E2046C00EFCBBF /* Transaction.swift */ = {isa = PBXFileReference; lastKnownFileType = sourcecode.swift; path = Transaction.swift; sourceTree = "<group>"; };
		D73C0AD625E310FA00EFCBBF /* CollectionsViewController.swift */ = {isa = PBXFileReference; lastKnownFileType = sourcecode.swift; path = CollectionsViewController.swift; sourceTree = "<group>"; };
		D73C0AD925E3110600EFCBBF /* FavoritesViewController.swift */ = {isa = PBXFileReference; lastKnownFileType = sourcecode.swift; path = FavoritesViewController.swift; sourceTree = "<group>"; };
		D73C0ADD25E3117900EFCBBF /* CollectionManager.swift */ = {isa = PBXFileReference; lastKnownFileType = sourcecode.swift; path = CollectionManager.swift; sourceTree = "<group>"; };
		D73C0AE025E311F700EFCBBF /* CollectionResults.swift */ = {isa = PBXFileReference; lastKnownFileType = sourcecode.swift; path = CollectionResults.swift; sourceTree = "<group>"; };
		D73C0AE525E32BAF00EFCBBF /* Extensions.swift */ = {isa = PBXFileReference; lastKnownFileType = sourcecode.swift; path = Extensions.swift; sourceTree = "<group>"; };
		D765055225DF82FD008E3300 /* AssetCollectionViewCell.swift */ = {isa = PBXFileReference; lastKnownFileType = sourcecode.swift; path = AssetCollectionViewCell.swift; sourceTree = "<group>"; };
/* End PBXFileReference section */

/* Begin PBXFrameworksBuildPhase section */
		D7352F6F25DF78EF00587A80 /* Frameworks */ = {
			isa = PBXFrameworksBuildPhase;
			buildActionMask = 2147483647;
			files = (
				3D759A2FB219CD9A5FEB105B /* Pods_Dinghy.framework in Frameworks */,
			);
			runOnlyForDeploymentPostprocessing = 0;
		};
/* End PBXFrameworksBuildPhase section */

/* Begin PBXGroup section */
		9ECD7F300C47753CF3090AD0 /* Frameworks */ = {
			isa = PBXGroup;
			children = (
				4E2CADCC092DFF4A85767555 /* Pods_Dinghy.framework */,
			);
			name = Frameworks;
			sourceTree = "<group>";
		};
		D7352F6925DF78EE00587A80 = {
			isa = PBXGroup;
			children = (
				D7352F7425DF78EF00587A80 /* Dinghy */,
				D7352F7325DF78EF00587A80 /* Products */,
				F68A86D37374CE0EDBB1EBF5 /* Pods */,
				9ECD7F300C47753CF3090AD0 /* Frameworks */,
			);
			sourceTree = "<group>";
		};
		D7352F7325DF78EF00587A80 /* Products */ = {
			isa = PBXGroup;
			children = (
				D7352F7225DF78EF00587A80 /* Dinghy.app */,
			);
			name = Products;
			sourceTree = "<group>";
		};
		D7352F7425DF78EF00587A80 /* Dinghy */ = {
			isa = PBXGroup;
			children = (
				D73C0AE425E32B9E00EFCBBF /* Resources */,
				D73C0A9925E1F60700EFCBBF /* Models */,
				D7352F8B25DF790600587A80 /* Views */,
				D7352F8A25DF78F900587A80 /* Controllers */,
				D7352F7525DF78EF00587A80 /* AppDelegate.swift */,
				D7352F7725DF78EF00587A80 /* SceneDelegate.swift */,
				D7352F8325DF78F000587A80 /* Info.plist */,
			);
			path = Dinghy;
			sourceTree = "<group>";
		};
		D7352F8A25DF78F900587A80 /* Controllers */ = {
			isa = PBXGroup;
			children = (
				D7352F7925DF78EF00587A80 /* BrowseViewController.swift */,
				D73C0AD625E310FA00EFCBBF /* CollectionsViewController.swift */,
				D73C0AD925E3110600EFCBBF /* FavoritesViewController.swift */,
			);
			path = Controllers;
			sourceTree = "<group>";
		};
		D7352F8B25DF790600587A80 /* Views */ = {
			isa = PBXGroup;
			children = (
				D7352F7B25DF78EF00587A80 /* Main.storyboard */,
				D7352F7E25DF78F000587A80 /* Assets.xcassets */,
				D7352F8025DF78F000587A80 /* LaunchScreen.storyboard */,
				D765055225DF82FD008E3300 /* AssetCollectionViewCell.swift */,
			);
			path = Views;
			sourceTree = "<group>";
		};
		D73C0A9925E1F60700EFCBBF /* Models */ = {
			isa = PBXGroup;
			children = (
				D73C0AB925E1FA7B00EFCBBF /* AssetResults.swift */,
				D73C0AE025E311F700EFCBBF /* CollectionResults.swift */,
				D73C0A9A25E1F62100EFCBBF /* Asset.swift */,
				D73C0AA025E1F99700EFCBBF /* AssetContract.swift */,
				D73C0AA625E1F9AE00EFCBBF /* Owner.swift */,
				D73C0AA325E1F9A200EFCBBF /* Collection.swift */,
				D73C0AA925E1F9BD00EFCBBF /* SellOrder.swift */,
				D73C0AAC25E1F9D000EFCBBF /* Creator.swift */,
				D73C0AAF25E1F9E000EFCBBF /* Trait.swift */,
				D73C0ABC25E1FD8200EFCBBF /* User.swift */,
				D73C0AC025E1FEC600EFCBBF /* DisplayData.swift */,
				D73C0AC325E2035C00EFCBBF /* LastSale.swift */,
				D73C0AC625E2039000EFCBBF /* LastSaleAsset.swift */,
				D73C0AC925E2040500EFCBBF /* PaymentToken.swift */,
				D73C0ACC25E2046C00EFCBBF /* Transaction.swift */,
			);
			path = Models;
			sourceTree = "<group>";
		};
		D73C0AE425E32B9E00EFCBBF /* Resources */ = {
			isa = PBXGroup;
			children = (
				D73C0A9D25E1F7FC00EFCBBF /* AssetManager.swift */,
				D73C0ADD25E3117900EFCBBF /* CollectionManager.swift */,
				D73C0AE525E32BAF00EFCBBF /* Extensions.swift */,
			);
			path = Resources;
			sourceTree = "<group>";
		};
		F68A86D37374CE0EDBB1EBF5 /* Pods */ = {
			isa = PBXGroup;
			children = (
				51D29DF1F70B609082F5FB6F /* Pods-Dinghy.debug.xcconfig */,
				0BB57AB76CE0E9C862AF2E77 /* Pods-Dinghy.release.xcconfig */,
			);
			path = Pods;
			sourceTree = "<group>";
		};
/* End PBXGroup section */

/* Begin PBXNativeTarget section */
		D7352F7125DF78EF00587A80 /* Dinghy */ = {
			isa = PBXNativeTarget;
			buildConfigurationList = D7352F8625DF78F000587A80 /* Build configuration list for PBXNativeTarget "Dinghy" */;
			buildPhases = (
				9C3DDDC7C2034340845BDB05 /* [CP] Check Pods Manifest.lock */,
				D7352F6E25DF78EF00587A80 /* Sources */,
				D7352F6F25DF78EF00587A80 /* Frameworks */,
				D7352F7025DF78EF00587A80 /* Resources */,
				45BC3C9DEC7AE43633E2724D /* [CP] Embed Pods Frameworks */,
			);
			buildRules = (
			);
			dependencies = (
			);
			name = Dinghy;
			productName = Dinghy;
			productReference = D7352F7225DF78EF00587A80 /* Dinghy.app */;
			productType = "com.apple.product-type.application";
		};
/* End PBXNativeTarget section */

/* Begin PBXProject section */
		D7352F6A25DF78EF00587A80 /* Project object */ = {
			isa = PBXProject;
			attributes = {
				LastSwiftUpdateCheck = 1240;
				LastUpgradeCheck = 1240;
				TargetAttributes = {
					D7352F7125DF78EF00587A80 = {
						CreatedOnToolsVersion = 12.4;
					};
				};
			};
			buildConfigurationList = D7352F6D25DF78EF00587A80 /* Build configuration list for PBXProject "Dinghy" */;
			compatibilityVersion = "Xcode 9.3";
			developmentRegion = en;
			hasScannedForEncodings = 0;
			knownRegions = (
				en,
				Base,
			);
			mainGroup = D7352F6925DF78EE00587A80;
			productRefGroup = D7352F7325DF78EF00587A80 /* Products */;
			projectDirPath = "";
			projectRoot = "";
			targets = (
				D7352F7125DF78EF00587A80 /* Dinghy */,
			);
		};
/* End PBXProject section */

/* Begin PBXResourcesBuildPhase section */
		D7352F7025DF78EF00587A80 /* Resources */ = {
			isa = PBXResourcesBuildPhase;
			buildActionMask = 2147483647;
			files = (
				D7352F8225DF78F000587A80 /* LaunchScreen.storyboard in Resources */,
				D7352F7F25DF78F000587A80 /* Assets.xcassets in Resources */,
				D7352F7D25DF78EF00587A80 /* Main.storyboard in Resources */,
			);
			runOnlyForDeploymentPostprocessing = 0;
		};
/* End PBXResourcesBuildPhase section */

/* Begin PBXShellScriptBuildPhase section */
		45BC3C9DEC7AE43633E2724D /* [CP] Embed Pods Frameworks */ = {
			isa = PBXShellScriptBuildPhase;
			buildActionMask = 2147483647;
			files = (
			);
			inputFileListPaths = (
				"${PODS_ROOT}/Target Support Files/Pods-Dinghy/Pods-Dinghy-frameworks-${CONFIGURATION}-input-files.xcfilelist",
			);
			name = "[CP] Embed Pods Frameworks";
			outputFileListPaths = (
				"${PODS_ROOT}/Target Support Files/Pods-Dinghy/Pods-Dinghy-frameworks-${CONFIGURATION}-output-files.xcfilelist",
			);
			runOnlyForDeploymentPostprocessing = 0;
			shellPath = /bin/sh;
			shellScript = "\"${PODS_ROOT}/Target Support Files/Pods-Dinghy/Pods-Dinghy-frameworks.sh\"\n";
			showEnvVarsInLog = 0;
		};
		9C3DDDC7C2034340845BDB05 /* [CP] Check Pods Manifest.lock */ = {
			isa = PBXShellScriptBuildPhase;
			buildActionMask = 2147483647;
			files = (
			);
			inputFileListPaths = (
			);
			inputPaths = (
				"${PODS_PODFILE_DIR_PATH}/Podfile.lock",
				"${PODS_ROOT}/Manifest.lock",
			);
			name = "[CP] Check Pods Manifest.lock";
			outputFileListPaths = (
			);
			outputPaths = (
				"$(DERIVED_FILE_DIR)/Pods-Dinghy-checkManifestLockResult.txt",
			);
			runOnlyForDeploymentPostprocessing = 0;
			shellPath = /bin/sh;
			shellScript = "diff \"${PODS_PODFILE_DIR_PATH}/Podfile.lock\" \"${PODS_ROOT}/Manifest.lock\" > /dev/null\nif [ $? != 0 ] ; then\n    # print error to STDERR\n    echo \"error: The sandbox is not in sync with the Podfile.lock. Run 'pod install' or update your CocoaPods installation.\" >&2\n    exit 1\nfi\n# This output is used by Xcode 'outputs' to avoid re-running this script phase.\necho \"SUCCESS\" > \"${SCRIPT_OUTPUT_FILE_0}\"\n";
			showEnvVarsInLog = 0;
		};
/* End PBXShellScriptBuildPhase section */

/* Begin PBXSourcesBuildPhase section */
		D7352F6E25DF78EF00587A80 /* Sources */ = {
			isa = PBXSourcesBuildPhase;
			buildActionMask = 2147483647;
			files = (
				D73C0ABA25E1FA7B00EFCBBF /* AssetResults.swift in Sources */,
				D73C0AB025E1F9E000EFCBBF /* Trait.swift in Sources */,
				D73C0AC425E2035C00EFCBBF /* LastSale.swift in Sources */,
				D73C0AA725E1F9AE00EFCBBF /* Owner.swift in Sources */,
				D73C0ACA25E2040500EFCBBF /* PaymentToken.swift in Sources */,
				D73C0AA125E1F99700EFCBBF /* AssetContract.swift in Sources */,
				D73C0AC125E1FEC600EFCBBF /* DisplayData.swift in Sources */,
				D7352F7A25DF78EF00587A80 /* BrowseViewController.swift in Sources */,
				D73C0AC725E2039000EFCBBF /* LastSaleAsset.swift in Sources */,
				D7352F7625DF78EF00587A80 /* AppDelegate.swift in Sources */,
				D73C0ABD25E1FD8200EFCBBF /* User.swift in Sources */,
				D73C0ACD25E2046C00EFCBBF /* Transaction.swift in Sources */,
				D73C0AE125E311F700EFCBBF /* CollectionResults.swift in Sources */,
				D73C0AD725E310FA00EFCBBF /* CollectionsViewController.swift in Sources */,
				D7352F7825DF78EF00587A80 /* SceneDelegate.swift in Sources */,
				D73C0A9B25E1F62100EFCBBF /* Asset.swift in Sources */,
				D73C0ADE25E3117900EFCBBF /* CollectionManager.swift in Sources */,
				D73C0AAA25E1F9BD00EFCBBF /* SellOrder.swift in Sources */,
				D73C0ADA25E3110600EFCBBF /* FavoritesViewController.swift in Sources */,
				D73C0AE625E32BAF00EFCBBF /* Extensions.swift in Sources */,
				D73C0AA425E1F9A200EFCBBF /* Collection.swift in Sources */,
				D73C0A9E25E1F7FC00EFCBBF /* AssetManager.swift in Sources */,
				D765055325DF82FD008E3300 /* AssetCollectionViewCell.swift in Sources */,
				D73C0AAD25E1F9D000EFCBBF /* Creator.swift in Sources */,
			);
			runOnlyForDeploymentPostprocessing = 0;
		};
/* End PBXSourcesBuildPhase section */

/* Begin PBXVariantGroup section */
		D7352F7B25DF78EF00587A80 /* Main.storyboard */ = {
			isa = PBXVariantGroup;
			children = (
				D7352F7C25DF78EF00587A80 /* Base */,
			);
			name = Main.storyboard;
			sourceTree = "<group>";
		};
		D7352F8025DF78F000587A80 /* LaunchScreen.storyboard */ = {
			isa = PBXVariantGroup;
			children = (
				D7352F8125DF78F000587A80 /* Base */,
			);
			name = LaunchScreen.storyboard;
			sourceTree = "<group>";
		};
/* End PBXVariantGroup section */

/* Begin XCBuildConfiguration section */
		D7352F8425DF78F000587A80 /* Debug */ = {
			isa = XCBuildConfiguration;
			buildSettings = {
				ALWAYS_SEARCH_USER_PATHS = NO;
				CLANG_ANALYZER_NONNULL = YES;
				CLANG_ANALYZER_NUMBER_OBJECT_CONVERSION = YES_AGGRESSIVE;
				CLANG_CXX_LANGUAGE_STANDARD = "gnu++14";
				CLANG_CXX_LIBRARY = "libc++";
				CLANG_ENABLE_MODULES = YES;
				CLANG_ENABLE_OBJC_ARC = YES;
				CLANG_ENABLE_OBJC_WEAK = YES;
				CLANG_WARN_BLOCK_CAPTURE_AUTORELEASING = YES;
				CLANG_WARN_BOOL_CONVERSION = YES;
				CLANG_WARN_COMMA = YES;
				CLANG_WARN_CONSTANT_CONVERSION = YES;
				CLANG_WARN_DEPRECATED_OBJC_IMPLEMENTATIONS = YES;
				CLANG_WARN_DIRECT_OBJC_ISA_USAGE = YES_ERROR;
				CLANG_WARN_DOCUMENTATION_COMMENTS = YES;
				CLANG_WARN_EMPTY_BODY = YES;
				CLANG_WARN_ENUM_CONVERSION = YES;
				CLANG_WARN_INFINITE_RECURSION = YES;
				CLANG_WARN_INT_CONVERSION = YES;
				CLANG_WARN_NON_LITERAL_NULL_CONVERSION = YES;
				CLANG_WARN_OBJC_IMPLICIT_RETAIN_SELF = YES;
				CLANG_WARN_OBJC_LITERAL_CONVERSION = YES;
				CLANG_WARN_OBJC_ROOT_CLASS = YES_ERROR;
				CLANG_WARN_QUOTED_INCLUDE_IN_FRAMEWORK_HEADER = YES;
				CLANG_WARN_RANGE_LOOP_ANALYSIS = YES;
				CLANG_WARN_STRICT_PROTOTYPES = YES;
				CLANG_WARN_SUSPICIOUS_MOVE = YES;
				CLANG_WARN_UNGUARDED_AVAILABILITY = YES_AGGRESSIVE;
				CLANG_WARN_UNREACHABLE_CODE = YES;
				CLANG_WARN__DUPLICATE_METHOD_MATCH = YES;
				COPY_PHASE_STRIP = NO;
				DEBUG_INFORMATION_FORMAT = dwarf;
				ENABLE_STRICT_OBJC_MSGSEND = YES;
				ENABLE_TESTABILITY = YES;
				GCC_C_LANGUAGE_STANDARD = gnu11;
				GCC_DYNAMIC_NO_PIC = NO;
				GCC_NO_COMMON_BLOCKS = YES;
				GCC_OPTIMIZATION_LEVEL = 0;
				GCC_PREPROCESSOR_DEFINITIONS = (
					"DEBUG=1",
					"$(inherited)",
				);
				GCC_WARN_64_TO_32_BIT_CONVERSION = YES;
				GCC_WARN_ABOUT_RETURN_TYPE = YES_ERROR;
				GCC_WARN_UNDECLARED_SELECTOR = YES;
				GCC_WARN_UNINITIALIZED_AUTOS = YES_AGGRESSIVE;
				GCC_WARN_UNUSED_FUNCTION = YES;
				GCC_WARN_UNUSED_VARIABLE = YES;
				IPHONEOS_DEPLOYMENT_TARGET = 14.4;
				MTL_ENABLE_DEBUG_INFO = INCLUDE_SOURCE;
				MTL_FAST_MATH = YES;
				ONLY_ACTIVE_ARCH = YES;
				SDKROOT = iphoneos;
				SWIFT_ACTIVE_COMPILATION_CONDITIONS = DEBUG;
				SWIFT_OPTIMIZATION_LEVEL = "-Onone";
			};
			name = Debug;
		};
		D7352F8525DF78F000587A80 /* Release */ = {
			isa = XCBuildConfiguration;
			buildSettings = {
				ALWAYS_SEARCH_USER_PATHS = NO;
				CLANG_ANALYZER_NONNULL = YES;
				CLANG_ANALYZER_NUMBER_OBJECT_CONVERSION = YES_AGGRESSIVE;
				CLANG_CXX_LANGUAGE_STANDARD = "gnu++14";
				CLANG_CXX_LIBRARY = "libc++";
				CLANG_ENABLE_MODULES = YES;
				CLANG_ENABLE_OBJC_ARC = YES;
				CLANG_ENABLE_OBJC_WEAK = YES;
				CLANG_WARN_BLOCK_CAPTURE_AUTORELEASING = YES;
				CLANG_WARN_BOOL_CONVERSION = YES;
				CLANG_WARN_COMMA = YES;
				CLANG_WARN_CONSTANT_CONVERSION = YES;
				CLANG_WARN_DEPRECATED_OBJC_IMPLEMENTATIONS = YES;
				CLANG_WARN_DIRECT_OBJC_ISA_USAGE = YES_ERROR;
				CLANG_WARN_DOCUMENTATION_COMMENTS = YES;
				CLANG_WARN_EMPTY_BODY = YES;
				CLANG_WARN_ENUM_CONVERSION = YES;
				CLANG_WARN_INFINITE_RECURSION = YES;
				CLANG_WARN_INT_CONVERSION = YES;
				CLANG_WARN_NON_LITERAL_NULL_CONVERSION = YES;
				CLANG_WARN_OBJC_IMPLICIT_RETAIN_SELF = YES;
				CLANG_WARN_OBJC_LITERAL_CONVERSION = YES;
				CLANG_WARN_OBJC_ROOT_CLASS = YES_ERROR;
				CLANG_WARN_QUOTED_INCLUDE_IN_FRAMEWORK_HEADER = YES;
				CLANG_WARN_RANGE_LOOP_ANALYSIS = YES;
				CLANG_WARN_STRICT_PROTOTYPES = YES;
				CLANG_WARN_SUSPICIOUS_MOVE = YES;
				CLANG_WARN_UNGUARDED_AVAILABILITY = YES_AGGRESSIVE;
				CLANG_WARN_UNREACHABLE_CODE = YES;
				CLANG_WARN__DUPLICATE_METHOD_MATCH = YES;
				COPY_PHASE_STRIP = NO;
				DEBUG_INFORMATION_FORMAT = "dwarf-with-dsym";
				ENABLE_NS_ASSERTIONS = NO;
				ENABLE_STRICT_OBJC_MSGSEND = YES;
				GCC_C_LANGUAGE_STANDARD = gnu11;
				GCC_NO_COMMON_BLOCKS = YES;
				GCC_WARN_64_TO_32_BIT_CONVERSION = YES;
				GCC_WARN_ABOUT_RETURN_TYPE = YES_ERROR;
				GCC_WARN_UNDECLARED_SELECTOR = YES;
				GCC_WARN_UNINITIALIZED_AUTOS = YES_AGGRESSIVE;
				GCC_WARN_UNUSED_FUNCTION = YES;
				GCC_WARN_UNUSED_VARIABLE = YES;
				IPHONEOS_DEPLOYMENT_TARGET = 14.4;
				MTL_ENABLE_DEBUG_INFO = NO;
				MTL_FAST_MATH = YES;
				SDKROOT = iphoneos;
				SWIFT_COMPILATION_MODE = wholemodule;
				SWIFT_OPTIMIZATION_LEVEL = "-O";
				VALIDATE_PRODUCT = YES;
			};
			name = Release;
		};
		D7352F8725DF78F000587A80 /* Debug */ = {
			isa = XCBuildConfiguration;
			baseConfigurationReference = 51D29DF1F70B609082F5FB6F /* Pods-Dinghy.debug.xcconfig */;
			buildSettings = {
				ASSETCATALOG_COMPILER_APPICON_NAME = AppIcon;
				ASSETCATALOG_COMPILER_GLOBAL_ACCENT_COLOR_NAME = AccentColor;
				CODE_SIGN_STYLE = Automatic;
				DEVELOPMENT_TEAM = YRRJ9372B7;
				INFOPLIST_FILE = Dinghy/Info.plist;
				LD_RUNPATH_SEARCH_PATHS = (
					"$(inherited)",
					"@executable_path/Frameworks",
				);
				PRODUCT_BUNDLE_IDENTIFIER = com.tylermyracle.Dinghy;
				PRODUCT_NAME = "$(TARGET_NAME)";
				SWIFT_VERSION = 5.0;
				TARGETED_DEVICE_FAMILY = "1,2";
			};
			name = Debug;
		};
		D7352F8825DF78F000587A80 /* Release */ = {
			isa = XCBuildConfiguration;
			baseConfigurationReference = 0BB57AB76CE0E9C862AF2E77 /* Pods-Dinghy.release.xcconfig */;
			buildSettings = {
				ASSETCATALOG_COMPILER_APPICON_NAME = AppIcon;
				ASSETCATALOG_COMPILER_GLOBAL_ACCENT_COLOR_NAME = AccentColor;
				CODE_SIGN_STYLE = Automatic;
				DEVELOPMENT_TEAM = YRRJ9372B7;
				INFOPLIST_FILE = Dinghy/Info.plist;
				LD_RUNPATH_SEARCH_PATHS = (
					"$(inherited)",
					"@executable_path/Frameworks",
				);
				PRODUCT_BUNDLE_IDENTIFIER = com.tylermyracle.Dinghy;
				PRODUCT_NAME = "$(TARGET_NAME)";
				SWIFT_VERSION = 5.0;
				TARGETED_DEVICE_FAMILY = "1,2";
			};
			name = Release;
		};
/* End XCBuildConfiguration section */

/* Begin XCConfigurationList section */
		D7352F6D25DF78EF00587A80 /* Build configuration list for PBXProject "Dinghy" */ = {
			isa = XCConfigurationList;
			buildConfigurations = (
				D7352F8425DF78F000587A80 /* Debug */,
				D7352F8525DF78F000587A80 /* Release */,
			);
			defaultConfigurationIsVisible = 0;
			defaultConfigurationName = Release;
		};
		D7352F8625DF78F000587A80 /* Build configuration list for PBXNativeTarget "Dinghy" */ = {
			isa = XCConfigurationList;
			buildConfigurations = (
				D7352F8725DF78F000587A80 /* Debug */,
				D7352F8825DF78F000587A80 /* Release */,
			);
			defaultConfigurationIsVisible = 0;
			defaultConfigurationName = Release;
		};
/* End XCConfigurationList section */
	};
	rootObject = D7352F6A25DF78EF00587A80 /* Project object */;
}
